<Solution>
  <Folder Name="/src/" />
  <Folder Name="/src/BuildingBlocks/">
    <Project Path="src/BuildingBlocks/CriaCerto.BuildingBlocks.Abstractions/CriaCerto.BuildingBlocks.Abstractions.csproj" />
    <Project Path="src/BuildingBlocks/CriaCerto.BuildingBlocks.Application/CriaCerto.BuildingBlocks.Application.csproj" />
    <Project Path="src/BuildingBlocks/CriaCerto.BuildingBlocks.Infrastructure/CriaCerto.BuildingBlocks.Infrastructure.csproj" />
  </Folder>
  <Folder Name="/src/Host/">
    <Project Path="src/Host/CriaCerto.Api/CriaCerto.Api.csproj" />
  </Folder>
  <Folder Name="/src/Modules/" />
  <Folder Name="/src/Modules/Breeding/">
    <Project Path="src/Modules/Breeding/CriaCerto.Modules.Breeding.Application/CriaCerto.Modules.Breeding.Application.csproj" />
    <Project Path="src/Modules/Breeding/CriaCerto.Modules.Breeding.Infrastructure/CriaCerto.Modules.Breeding.Infrastructure.csproj" />
  </Folder>
  <Folder Name="/src/Modules/Calving/">
    <Project Path="src/Modules/Calving/CriaCerto.Modules.Calving.Application/CriaCerto.Modules.Calving.Application.csproj" />
    <Project Path="src/Modules/Calving/CriaCerto.Modules.Calving.Infrastructure/CriaCerto.Modules.Calving.Infrastructure.csproj" />
  </Folder>
  <Folder Name="/src/Modules/Growth/">
    <Project Path="src/Modules/Growth/CriaCerto.Modules.Growth.Application/CriaCerto.Modules.Growth.Application.csproj" />
    <Project Path="src/Modules/Growth/CriaCerto.Modules.Growth.Infrastructure/CriaCerto.Modules.Growth.Infrastructure.csproj" />
  </Folder>
  <Folder Name="/src/Modules/Nutrition/">
    <Project Path="src/Modules/Nutrition/CriaCerto.Modules.Nutrition.Application/CriaCerto.Modules.Nutrition.Application.csproj" />
    <Project Path="src/Modules/Nutrition/CriaCerto.Modules.Nutrition.Infrastructure/CriaCerto.Modules.Nutrition.Infrastructure.csproj" />
  </Folder>
  <Folder Name="/src/Modules/Sanitary/">
    <Project Path="src/Modules/Sanitary/CriaCerto.Modules.Sanitary.Application/CriaCerto.Modules.Sanitary.Application.csproj" />
    <Project Path="src/Modules/Sanitary/CriaCerto.Modules.Sanitary.Infrastructure/CriaCerto.Modules.Sanitary.Infrastructure.csproj" />
  </Folder>
  <Folder Name="/src/Modules/Analytics/">
    <Project Path="src/Modules/Analytics/CriaCerto.Modules.Analytics.Application/CriaCerto.Modules.Analytics.Application.csproj" />
    <Project Path="src/Modules/Analytics/CriaCerto.Modules.Analytics.Infrastructure/CriaCerto.Modules.Analytics.Infrastructure.csproj" />
  </Folder>
  <Folder Name="/src/Modules/Tenancy/">
    <Project Path="src/Modules/Tenancy/CriaCerto.Modules.Tenancy.Application/CriaCerto.Modules.Tenancy.Application.csproj" />
    <Project Path="src/Modules/Tenancy/CriaCerto.Modules.Tenancy.Infrastructure/CriaCerto.Modules.Tenancy.Infrastructure.csproj" />
  </Folder>
  <Folder Name="/src/Modules/Backoffice/">
    <Project Path="src/Modules/Backoffice/CriaCerto.Modules.Backoffice.Application/CriaCerto.Modules.Backoffice.Application.csproj" />
    <Project Path="src/Modules/Backoffice/CriaCerto.Modules.Backoffice.Infrastructure/CriaCerto.Modules.Backoffice.Infrastructure.csproj" />
  </Folder>
  <Folder Name="/src/Web/" />
  <Folder Name="/src/Web/CriaCerto.Web/">
    <Project Path="src/Web/CriaCerto.Web/CriaCerto.Web.Client/CriaCerto.Web.Client.csproj" />
    <Project Path="src/Web/CriaCerto.Web/CriaCerto.Web/CriaCerto.Web.csproj" />
  </Folder>
  <Folder Name="/tests/" />
  <Folder Name="/tests/Integration/">
    <Project Path="tests/Integration/CriaCerto.Architecture.IntegrationTests/CriaCerto.Architecture.IntegrationTests.csproj" />
  </Folder>
  <Folder Name="/tests/Unit/">
    <Project Path="tests/Unit/CriaCerto.BuildingBlocks.UnitTests/CriaCerto.BuildingBlocks.UnitTests.csproj" />
    <Project Path="tests/Unit/CriaCerto.Modules.Breeding.UnitTests/CriaCerto.Modules.Breeding.UnitTests.csproj" />
    <Project Path="tests/Unit/CriaCerto.Modules.Calving.UnitTests/CriaCerto.Modules.Calving.UnitTests.csproj" />
    <Project Path="tests/Unit/CriaCerto.Modules.Growth.UnitTests/CriaCerto.Modules.Growth.UnitTests.csproj" />
    <Project Path="tests/Unit/CriaCerto.Modules.Nutrition.UnitTests/CriaCerto.Modules.Nutrition.UnitTests.csproj" />
    <Project Path="tests/Unit/CriaCerto.Modules.Sanitary.UnitTests/CriaCerto.Modules.Sanitary.UnitTests.csproj" />
    <Project Path="tests/Unit/CriaCerto.Modules.Analytics.UnitTests/CriaCerto.Modules.Analytics.UnitTests.csproj" />
    <Project Path="tests/Unit/CriaCerto.Modules.Tenancy.UnitTests/CriaCerto.Modules.Tenancy.UnitTests.csproj" />
    <Project Path="tests/Unit/CriaCerto.Modules.Backoffice.UnitTests/CriaCerto.Modules.Backoffice.UnitTests.csproj" />
    <Project Path="tests/Unit/CriaCerto.Web.Client.UnitTests/CriaCerto.Web.Client.UnitTests.csproj" />
  </Folder>
</Solution>
